
Microsoft Visual Studio Solution File, Format Version 12.00
# Visual Studio Version 16
VisualStudioVersion = 16.0.30114.105
MinimumVisualStudioVersion = 10.0.40219.1
Project("{2150E333-8FDC-42A3-9474-1A3956D46DE8}") = "back", "back", "{81620E79-7035-4082-BD87-639EEF5E196B}"
EndProject
Project("{2150E333-8FDC-42A3-9474-1A3956D46DE8}") = "src", "src", "{C5C5E8A3-9AFA-4C20-B99C-2DADD888E51D}"
EndProject
Project("{FAE04EC0-301F-11D3-BF4B-00C04F79EFBC}") = "API", "back\src\API\API.csproj", "{74D31F13-924F-4D84-B985-80630C04E6E0}"
EndProject
Project("{FAE04EC0-301F-11D3-BF4B-00C04F79EFBC}") = "APP", "back\src\APP\APP.csproj", "{FF339175-2A20-40CB-9014-B1E6E7584EB6}"
EndProject
Project("{FAE04EC0-301F-11D3-BF4B-00C04F79EFBC}") = "Domain", "back\src\Domain\Domain.csproj", "{9FE8754E-DE93-454F-AAB6-31E35BA339A7}"
EndProject
Project("{2150E333-8FDC-42A3-9474-1A3956D46DE8}") = "Infra", "Infra", "{D8C493EC-9BB1-4964-95ED-299E835E71EB}"
EndProject
Project("{FAE04EC0-301F-11D3-BF4B-00C04F79EFBC}") = "Data", "back\src\Infra\Data\Data.csproj", "{DF06B2D3-65D7-4235-A206-3F40E99F9D21}"
EndProject
Global
	GlobalSection(SolutionConfigurationPlatforms) = preSolution
		Debug|Any CPU = Debug|Any CPU
		Release|Any CPU = Release|Any CPU
	EndGlobalSection
	GlobalSection(SolutionProperties) = preSolution
		HideSolutionNode = FALSE
	EndGlobalSection
	GlobalSection(ProjectConfigurationPlatforms) = postSolution
		{74D31F13-924F-4D84-B985-80630C04E6E0}.Debug|Any CPU.ActiveCfg = Debug|Any CPU
		{74D31F13-924F-4D84-B985-80630C04E6E0}.Debug|Any CPU.Build.0 = Debug|Any CPU
		{74D31F13-924F-4D84-B985-80630C04E6E0}.Release|Any CPU.ActiveCfg = Release|Any CPU
		{74D31F13-924F-4D84-B985-80630C04E6E0}.Release|Any CPU.Build.0 = Release|Any CPU
		{FF339175-2A20-40CB-9014-B1E6E7584EB6}.Debug|Any CPU.ActiveCfg = Debug|Any CPU
		{FF339175-2A20-40CB-9014-B1E6E7584EB6}.Debug|Any CPU.Build.0 = Debug|Any CPU
		{FF339175-2A20-40CB-9014-B1E6E7584EB6}.Release|Any CPU.ActiveCfg = Release|Any CPU
		{FF339175-2A20-40CB-9014-B1E6E7584EB6}.Release|Any CPU.Build.0 = Release|Any CPU
		{9FE8754E-DE93-454F-AAB6-31E35BA339A7}.Debug|Any CPU.ActiveCfg = Debug|Any CPU
		{9FE8754E-DE93-454F-AAB6-31E35BA339A7}.Debug|Any CPU.Build.0 = Debug|Any CPU
		{9FE8754E-DE93-454F-AAB6-31E35BA339A7}.Release|Any CPU.ActiveCfg = Release|Any CPU
		{9FE8754E-DE93-454F-AAB6-31E35BA339A7}.Release|Any CPU.Build.0 = Release|Any CPU
		{DF06B2D3-65D7-4235-A206-3F40E99F9D21}.Debug|Any CPU.ActiveCfg = Debug|Any CPU
		{DF06B2D3-65D7-4235-A206-3F40E99F9D21}.Debug|Any CPU.Build.0 = Debug|Any CPU
		{DF06B2D3-65D7-4235-A206-3F40E99F9D21}.Release|Any CPU.ActiveCfg = Release|Any CPU
		{DF06B2D3-65D7-4235-A206-3F40E99F9D21}.Release|Any CPU.Build.0 = Release|Any CPU
	EndGlobalSection
	GlobalSection(NestedProjects) = preSolution
		{C5C5E8A3-9AFA-4C20-B99C-2DADD888E51D} = {81620E79-7035-4082-BD87-639EEF5E196B}
		{74D31F13-924F-4D84-B985-80630C04E6E0} = {C5C5E8A3-9AFA-4C20-B99C-2DADD888E51D}
		{FF339175-2A20-40CB-9014-B1E6E7584EB6} = {C5C5E8A3-9AFA-4C20-B99C-2DADD888E51D}
		{9FE8754E-DE93-454F-AAB6-31E35BA339A7} = {C5C5E8A3-9AFA-4C20-B99C-2DADD888E51D}
		{D8C493EC-9BB1-4964-95ED-299E835E71EB} = {C5C5E8A3-9AFA-4C20-B99C-2DADD888E51D}
		{DF06B2D3-65D7-4235-A206-3F40E99F9D21} = {D8C493EC-9BB1-4964-95ED-299E835E71EB}
	EndGlobalSection
EndGlobal
